
Microsoft Visual Studio Solution File, Format Version 12.00
# Visual Studio Version 16
VisualStudioVersion = 16.0.31005.135
MinimumVisualStudioVersion = 10.0.40219.1
Project("{FAE04EC0-301F-11D3-BF4B-00C04F79EFBC}") = "Producer", "Producer\Producer.csproj", "{9A33A45D-A285-45E8-A596-56409F5C6E0C}"
EndProject
Project("{FAE04EC0-301F-11D3-BF4B-00C04F79EFBC}") = "Consumer.Ecological", "Consumer.Ecological\Consumer.Ecological.csproj", "{C4E6CF3C-DAFC-4F66-89F7-8DBEAFD5E70A}"
EndProject
Project("{FAE04EC0-301F-11D3-BF4B-00C04F79EFBC}") = "Consumer.Red", "Consumer.Red\Consumer.Red.csproj", "{FE9267A7-89B7-437B-AD07-793C88F48304}"
EndProject
Project("{FAE04EC0-301F-11D3-BF4B-00C04F79EFBC}") = "Consumer.Tesla", "Consumer.Tesla\Consumer.Tesla.csproj", "{186268F3-418B-4046-A9CA-B148C8CF96DE}"
EndProject
Global
	GlobalSection(SolutionConfigurationPlatforms) = preSolution
		Debug|Any CPU = Debug|Any CPU
		Release|Any CPU = Release|Any CPU
	EndGlobalSection
	GlobalSection(ProjectConfigurationPlatforms) = postSolution
		{9A33A45D-A285-45E8-A596-56409F5C6E0C}.Debug|Any CPU.ActiveCfg = Debug|Any CPU
		{9A33A45D-A285-45E8-A596-56409F5C6E0C}.Debug|Any CPU.Build.0 = Debug|Any CPU
		{9A33A45D-A285-45E8-A596-56409F5C6E0C}.Release|Any CPU.ActiveCfg = Release|Any CPU
		{9A33A45D-A285-45E8-A596-56409F5C6E0C}.Release|Any CPU.Build.0 = Release|Any CPU
		{C4E6CF3C-DAFC-4F66-89F7-8DBEAFD5E70A}.Debug|Any CPU.ActiveCfg = Debug|Any CPU
		{C4E6CF3C-DAFC-4F66-89F7-8DBEAFD5E70A}.Debug|Any CPU.Build.0 = Debug|Any CPU
		{C4E6CF3C-DAFC-4F66-89F7-8DBEAFD5E70A}.Release|Any CPU.ActiveCfg = Release|Any CPU
		{C4E6CF3C-DAFC-4F66-89F7-8DBEAFD5E70A}.Release|Any CPU.Build.0 = Release|Any CPU
		{FE9267A7-89B7-437B-AD07-793C88F48304}.Debug|Any CPU.ActiveCfg = Debug|Any CPU
		{FE9267A7-89B7-437B-AD07-793C88F48304}.Debug|Any CPU.Build.0 = Debug|Any CPU
		{FE9267A7-89B7-437B-AD07-793C88F48304}.Release|Any CPU.ActiveCfg = Release|Any CPU
		{FE9267A7-89B7-437B-AD07-793C88F48304}.Release|Any CPU.Build.0 = Release|Any CPU
		{186268F3-418B-4046-A9CA-B148C8CF96DE}.Debug|Any CPU.ActiveCfg = Debug|Any CPU
		{186268F3-418B-4046-A9CA-B148C8CF96DE}.Debug|Any CPU.Build.0 = Debug|Any CPU
		{186268F3-418B-4046-A9CA-B148C8CF96DE}.Release|Any CPU.ActiveCfg = Release|Any CPU
		{186268F3-418B-4046-A9CA-B148C8CF96DE}.Release|Any CPU.Build.0 = Release|Any CPU
	EndGlobalSection
	GlobalSection(SolutionProperties) = preSolution
		HideSolutionNode = FALSE
	EndGlobalSection
	GlobalSection(ExtensibilityGlobals) = postSolution
		SolutionGuid = {18DC65BF-1552-44B9-9672-E87C5E9BAD56}
	EndGlobalSection
EndGlobal
